
Microsoft Visual Studio Solution File, Format Version 12.00
# Visual Studio 2015
Project("{FAE04EC0-301F-11D3-BF4B-00C04F79EFBC}") = "FlexGrid2.CSharp.Plugins", "FlexGrid2.CSharp.Plugins.csproj", "{A7227138-0B7D-480D-E787-9CA5410760C4}"
EndProject
Project("{FAE04EC0-301F-11D3-BF4B-00C04F79EFBC}") = "FlexGrid2.CSharp", "FlexGrid2.CSharp.csproj", "{F07FFB97-5D75-FA01-EF06-C0AF32081317}"
EndProject
Project("{FAE04EC0-301F-11D3-BF4B-00C04F79EFBC}") = "FlexGrid2.CSharp.Editor", "FlexGrid2.CSharp.Editor.csproj", "{0F4D9D0E-2B86-CDA4-8733-C51565AFDCB2}"
EndProject
Global
	GlobalSection(SolutionConfigurationPlatforms) = preSolution
		Debug|Any CPU = Debug|Any CPU
		Release|Any CPU = Release|Any CPU
	EndGlobalSection
	GlobalSection(ProjectConfigurationPlatforms) = postSolution
		{A7227138-0B7D-480D-E787-9CA5410760C4}.Debug|Any CPU.ActiveCfg = Debug|Any CPU
		{A7227138-0B7D-480D-E787-9CA5410760C4}.Debug|Any CPU.Build.0 = Debug|Any CPU
		{A7227138-0B7D-480D-E787-9CA5410760C4}.Release|Any CPU.ActiveCfg = Release|Any CPU
		{A7227138-0B7D-480D-E787-9CA5410760C4}.Release|Any CPU.Build.0 = Release|Any CPU
		{F07FFB97-5D75-FA01-EF06-C0AF32081317}.Debug|Any CPU.ActiveCfg = Debug|Any CPU
		{F07FFB97-5D75-FA01-EF06-C0AF32081317}.Debug|Any CPU.Build.0 = Debug|Any CPU
		{F07FFB97-5D75-FA01-EF06-C0AF32081317}.Release|Any CPU.ActiveCfg = Release|Any CPU
		{F07FFB97-5D75-FA01-EF06-C0AF32081317}.Release|Any CPU.Build.0 = Release|Any CPU
		{0F4D9D0E-2B86-CDA4-8733-C51565AFDCB2}.Debug|Any CPU.ActiveCfg = Debug|Any CPU
		{0F4D9D0E-2B86-CDA4-8733-C51565AFDCB2}.Debug|Any CPU.Build.0 = Debug|Any CPU
		{0F4D9D0E-2B86-CDA4-8733-C51565AFDCB2}.Release|Any CPU.ActiveCfg = Release|Any CPU
		{0F4D9D0E-2B86-CDA4-8733-C51565AFDCB2}.Release|Any CPU.Build.0 = Release|Any CPU
	EndGlobalSection
	GlobalSection(SolutionProperties) = preSolution
		HideSolutionNode = FALSE
	EndGlobalSection
EndGlobal
